
Microsoft Visual Studio Solution File, Format Version 12.00
# Visual Studio Version 16
VisualStudioVersion = 16.0.29418.71
MinimumVisualStudioVersion = 10.0.40219.1
Project("{FAE04EC0-301F-11D3-BF4B-00C04F79EFBC}") = "WebApplication1", "WebApplication1\WebApplication1.csproj", "{57E3080B-A839-4F0C-8EB1-19CF9BD4B04A}"
EndProject
Project("{FAE04EC0-301F-11D3-BF4B-00C04F79EFBC}") = "WebApplication2", "WebApplication2\WebApplication2.csproj", "{D2217B76-DC83-4F28-839C-75849D02624E}"
EndProject
Project("{FAE04EC0-301F-11D3-BF4B-00C04F79EFBC}") = "LibTS", "LibTS\LibTS.csproj", "{704ED07C-CCB7-4D91-A576-0CE07314A9CE}"
EndProject
Project("{2150E333-8FDC-42A3-9474-1A3956D46DE8}") = "Pluralsight", "Pluralsight", "{0A9B3CB0-6FAD-41F3-861A-D5EF4E6B4504}"
EndProject
Project("{FAE04EC0-301F-11D3-BF4B-00C04F79EFBC}") = "JSModules", "Pluralsight\JSModules\JSModules.csproj", "{475ED41E-A176-4E61-B7F0-FA4AF849C55E}"
EndProject
Project("{FAE04EC0-301F-11D3-BF4B-00C04F79EFBC}") = "NoModules", "Pluralsight\NoModules\NoModules.csproj", "{725C0E8C-B0D9-4E24-8DB6-F5E82099728B}"
EndProject
Project("{FAE04EC0-301F-11D3-BF4B-00C04F79EFBC}") = "RequireJSAMDModule", "Pluralsight\RequireJSAMDModule\RequireJSAMDModule.csproj", "{E6303A11-A874-4C3D-9854-B03DDAAA2119}"
EndProject
Project("{FAE04EC0-301F-11D3-BF4B-00C04F79EFBC}") = "CommonJSSystemJSModule", "Pluralsight\CommonJSSystemJSModule\CommonJSSystemJSModule.csproj", "{F4EFDEC9-9B7A-4FC1-89B0-4BD4252D3327}"
EndProject
Project("{FAE04EC0-301F-11D3-BF4B-00C04F79EFBC}") = "BrowserifyBundle", "Pluralsight\BrowserifyBundle\BrowserifyBundle.csproj", "{A7A41A90-D111-49DD-8211-64623BBB9FD4}"
EndProject
Project("{FAE04EC0-301F-11D3-BF4B-00C04F79EFBC}") = "ES2015Babel", "Pluralsight\ES2015Babel\ES2015Babel.csproj", "{608E563D-49CE-4662-BFBA-9B540616A7BF}"
EndProject
Project("{FAE04EC0-301F-11D3-BF4B-00C04F79EFBC}") = "ES2015Typescript", "Pluralsight\ES2015Typescript\ES2015Typescript.csproj", "{17971B51-918E-482E-9F68-C060134C7D1D}"
EndProject
Project("{FAE04EC0-301F-11D3-BF4B-00C04F79EFBC}") = "ES2015", "Pluralsight\ES2015\ES2015.csproj", "{A29DEE0A-8A47-4BBE-84C9-EC78771396A7}"
EndProject
Project("{FAE04EC0-301F-11D3-BF4B-00C04F79EFBC}") = "SampleTypescriptBundle", "Pluralsight\SampleTypescriptBundle\SampleTypescriptBundle.csproj", "{6A589492-BCE7-4E85-B9CE-A9A8B8C2FCA7}"
EndProject
Project("{FAE04EC0-301F-11D3-BF4B-00C04F79EFBC}") = "SampleWebpack4", "Pluralsight\SampleWebpack4\SampleWebpack4.csproj", "{441F3FB0-918F-4CA0-A48F-FAAEA540D957}"
EndProject
Project("{FAE04EC0-301F-11D3-BF4B-00C04F79EFBC}") = "TypescriptBundle", "Pluralsight\TypescriptBundle\TypescriptBundle.csproj", "{3FF130BA-BE43-44E5-9A05-C1455077D0BA}"
EndProject
Project("{FAE04EC0-301F-11D3-BF4B-00C04F79EFBC}") = "WebpackBundle", "Pluralsight\WebpackBundle\WebpackBundle.csproj", "{C6C5C745-1C9D-4169-97BD-A727C7DD2694}"
EndProject
Project("{FAE04EC0-301F-11D3-BF4B-00C04F79EFBC}") = "JSWebpack", "Pluralsight\JSWebpack\JSWebpack.csproj", "{5C40ACD1-153F-466E-99FE-87DCB3F0575D}"
EndProject
Project("{FAE04EC0-301F-11D3-BF4B-00C04F79EFBC}") = "GameWebpack", "Pluralsight\GameWebpack\GameWebpack.csproj", "{005A57D1-D3C4-414E-8739-E352EC18DFB4}"
EndProject
Project("{FAE04EC0-301F-11D3-BF4B-00C04F79EFBC}") = "AMDTSModules", "Pluralsight\AMDTSModules\AMDTSModules.csproj", "{1E70B9B9-C2A7-42E7-B1FC-E3D8D766CB78}"
EndProject
Project("{FAE04EC0-301F-11D3-BF4B-00C04F79EFBC}") = "ES2015TSWebpack", "Pluralsight\ES2015TSWebpack\ES2015TSWebpack.csproj", "{DF6D3804-D745-422E-82E2-3D6B47F7A2E6}"
EndProject
Project("{FAE04EC0-301F-11D3-BF4B-00C04F79EFBC}") = "SystemTSModules", "Pluralsight\ES2015TSModules\SystemTSModules.csproj", "{01967186-9619-449E-94AC-EDE93A4FA12E}"
EndProject
Project("{FAE04EC0-301F-11D3-BF4B-00C04F79EFBC}") = "SystemTSPackages", "Pluralsight\ES2015TSPackages\SystemTSPackages.csproj", "{5EC32D5B-9C10-4CC2-B887-9C340F8886E4}"
EndProject
Project("{FAE04EC0-301F-11D3-BF4B-00C04F79EFBC}") = "AngularTSWebpack", "Pluralsight\AngularTSWebpack\AngularTSWebpack.csproj", "{9EC1653F-032B-4919-93CD-74582FB8C683}"
EndProject
Project("{FAE04EC0-301F-11D3-BF4B-00C04F79EFBC}") = "MVCPackApp", "Pluralsight\MVCPackApp\MVCPackApp.csproj", "{1B8DFC04-8565-4C20-8FBE-C384E6D233C2}"
EndProject
Global
	GlobalSection(SolutionConfigurationPlatforms) = preSolution
		Debug|Any CPU = Debug|Any CPU
		Release|Any CPU = Release|Any CPU
	EndGlobalSection
	GlobalSection(ProjectConfigurationPlatforms) = postSolution
		{57E3080B-A839-4F0C-8EB1-19CF9BD4B04A}.Debug|Any CPU.ActiveCfg = Debug|Any CPU
		{57E3080B-A839-4F0C-8EB1-19CF9BD4B04A}.Debug|Any CPU.Build.0 = Debug|Any CPU
		{57E3080B-A839-4F0C-8EB1-19CF9BD4B04A}.Release|Any CPU.ActiveCfg = Release|Any CPU
		{57E3080B-A839-4F0C-8EB1-19CF9BD4B04A}.Release|Any CPU.Build.0 = Release|Any CPU
		{D2217B76-DC83-4F28-839C-75849D02624E}.Debug|Any CPU.ActiveCfg = Debug|Any CPU
		{D2217B76-DC83-4F28-839C-75849D02624E}.Debug|Any CPU.Build.0 = Debug|Any CPU
		{D2217B76-DC83-4F28-839C-75849D02624E}.Release|Any CPU.ActiveCfg = Release|Any CPU
		{D2217B76-DC83-4F28-839C-75849D02624E}.Release|Any CPU.Build.0 = Release|Any CPU
		{704ED07C-CCB7-4D91-A576-0CE07314A9CE}.Debug|Any CPU.ActiveCfg = Debug|Any CPU
		{704ED07C-CCB7-4D91-A576-0CE07314A9CE}.Debug|Any CPU.Build.0 = Debug|Any CPU
		{704ED07C-CCB7-4D91-A576-0CE07314A9CE}.Release|Any CPU.ActiveCfg = Release|Any CPU
		{704ED07C-CCB7-4D91-A576-0CE07314A9CE}.Release|Any CPU.Build.0 = Release|Any CPU
		{475ED41E-A176-4E61-B7F0-FA4AF849C55E}.Debug|Any CPU.ActiveCfg = Debug|Any CPU
		{475ED41E-A176-4E61-B7F0-FA4AF849C55E}.Debug|Any CPU.Build.0 = Debug|Any CPU
		{475ED41E-A176-4E61-B7F0-FA4AF849C55E}.Release|Any CPU.ActiveCfg = Release|Any CPU
		{475ED41E-A176-4E61-B7F0-FA4AF849C55E}.Release|Any CPU.Build.0 = Release|Any CPU
		{725C0E8C-B0D9-4E24-8DB6-F5E82099728B}.Debug|Any CPU.ActiveCfg = Debug|Any CPU
		{725C0E8C-B0D9-4E24-8DB6-F5E82099728B}.Debug|Any CPU.Build.0 = Debug|Any CPU
		{725C0E8C-B0D9-4E24-8DB6-F5E82099728B}.Release|Any CPU.ActiveCfg = Release|Any CPU
		{725C0E8C-B0D9-4E24-8DB6-F5E82099728B}.Release|Any CPU.Build.0 = Release|Any CPU
		{E6303A11-A874-4C3D-9854-B03DDAAA2119}.Debug|Any CPU.ActiveCfg = Debug|Any CPU
		{E6303A11-A874-4C3D-9854-B03DDAAA2119}.Debug|Any CPU.Build.0 = Debug|Any CPU
		{E6303A11-A874-4C3D-9854-B03DDAAA2119}.Release|Any CPU.ActiveCfg = Release|Any CPU
		{E6303A11-A874-4C3D-9854-B03DDAAA2119}.Release|Any CPU.Build.0 = Release|Any CPU
		{F4EFDEC9-9B7A-4FC1-89B0-4BD4252D3327}.Debug|Any CPU.ActiveCfg = Debug|Any CPU
		{F4EFDEC9-9B7A-4FC1-89B0-4BD4252D3327}.Debug|Any CPU.Build.0 = Debug|Any CPU
		{F4EFDEC9-9B7A-4FC1-89B0-4BD4252D3327}.Release|Any CPU.ActiveCfg = Release|Any CPU
		{F4EFDEC9-9B7A-4FC1-89B0-4BD4252D3327}.Release|Any CPU.Build.0 = Release|Any CPU
		{A7A41A90-D111-49DD-8211-64623BBB9FD4}.Debug|Any CPU.ActiveCfg = Debug|Any CPU
		{A7A41A90-D111-49DD-8211-64623BBB9FD4}.Debug|Any CPU.Build.0 = Debug|Any CPU
		{A7A41A90-D111-49DD-8211-64623BBB9FD4}.Release|Any CPU.ActiveCfg = Release|Any CPU
		{A7A41A90-D111-49DD-8211-64623BBB9FD4}.Release|Any CPU.Build.0 = Release|Any CPU
		{608E563D-49CE-4662-BFBA-9B540616A7BF}.Debug|Any CPU.ActiveCfg = Debug|Any CPU
		{608E563D-49CE-4662-BFBA-9B540616A7BF}.Debug|Any CPU.Build.0 = Debug|Any CPU
		{608E563D-49CE-4662-BFBA-9B540616A7BF}.Release|Any CPU.ActiveCfg = Release|Any CPU
		{608E563D-49CE-4662-BFBA-9B540616A7BF}.Release|Any CPU.Build.0 = Release|Any CPU
		{17971B51-918E-482E-9F68-C060134C7D1D}.Debug|Any CPU.ActiveCfg = Debug|Any CPU
		{17971B51-918E-482E-9F68-C060134C7D1D}.Debug|Any CPU.Build.0 = Debug|Any CPU
		{17971B51-918E-482E-9F68-C060134C7D1D}.Release|Any CPU.ActiveCfg = Release|Any CPU
		{17971B51-918E-482E-9F68-C060134C7D1D}.Release|Any CPU.Build.0 = Release|Any CPU
		{A29DEE0A-8A47-4BBE-84C9-EC78771396A7}.Debug|Any CPU.ActiveCfg = Debug|Any CPU
		{A29DEE0A-8A47-4BBE-84C9-EC78771396A7}.Debug|Any CPU.Build.0 = Debug|Any CPU
		{A29DEE0A-8A47-4BBE-84C9-EC78771396A7}.Release|Any CPU.ActiveCfg = Release|Any CPU
		{A29DEE0A-8A47-4BBE-84C9-EC78771396A7}.Release|Any CPU.Build.0 = Release|Any CPU
		{6A589492-BCE7-4E85-B9CE-A9A8B8C2FCA7}.Debug|Any CPU.ActiveCfg = Debug|Any CPU
		{6A589492-BCE7-4E85-B9CE-A9A8B8C2FCA7}.Debug|Any CPU.Build.0 = Debug|Any CPU
		{6A589492-BCE7-4E85-B9CE-A9A8B8C2FCA7}.Release|Any CPU.ActiveCfg = Release|Any CPU
		{6A589492-BCE7-4E85-B9CE-A9A8B8C2FCA7}.Release|Any CPU.Build.0 = Release|Any CPU
		{441F3FB0-918F-4CA0-A48F-FAAEA540D957}.Debug|Any CPU.ActiveCfg = Debug|Any CPU
		{441F3FB0-918F-4CA0-A48F-FAAEA540D957}.Debug|Any CPU.Build.0 = Debug|Any CPU
		{441F3FB0-918F-4CA0-A48F-FAAEA540D957}.Release|Any CPU.ActiveCfg = Release|Any CPU
		{441F3FB0-918F-4CA0-A48F-FAAEA540D957}.Release|Any CPU.Build.0 = Release|Any CPU
		{3FF130BA-BE43-44E5-9A05-C1455077D0BA}.Debug|Any CPU.ActiveCfg = Debug|Any CPU
		{3FF130BA-BE43-44E5-9A05-C1455077D0BA}.Debug|Any CPU.Build.0 = Debug|Any CPU
		{3FF130BA-BE43-44E5-9A05-C1455077D0BA}.Release|Any CPU.ActiveCfg = Release|Any CPU
		{3FF130BA-BE43-44E5-9A05-C1455077D0BA}.Release|Any CPU.Build.0 = Release|Any CPU
		{C6C5C745-1C9D-4169-97BD-A727C7DD2694}.Debug|Any CPU.ActiveCfg = Debug|Any CPU
		{C6C5C745-1C9D-4169-97BD-A727C7DD2694}.Debug|Any CPU.Build.0 = Debug|Any CPU
		{C6C5C745-1C9D-4169-97BD-A727C7DD2694}.Release|Any CPU.ActiveCfg = Release|Any CPU
		{C6C5C745-1C9D-4169-97BD-A727C7DD2694}.Release|Any CPU.Build.0 = Release|Any CPU
		{5C40ACD1-153F-466E-99FE-87DCB3F0575D}.Debug|Any CPU.ActiveCfg = Debug|Any CPU
		{5C40ACD1-153F-466E-99FE-87DCB3F0575D}.Debug|Any CPU.Build.0 = Debug|Any CPU
		{5C40ACD1-153F-466E-99FE-87DCB3F0575D}.Release|Any CPU.ActiveCfg = Release|Any CPU
		{5C40ACD1-153F-466E-99FE-87DCB3F0575D}.Release|Any CPU.Build.0 = Release|Any CPU
		{005A57D1-D3C4-414E-8739-E352EC18DFB4}.Debug|Any CPU.ActiveCfg = Debug|Any CPU
		{005A57D1-D3C4-414E-8739-E352EC18DFB4}.Debug|Any CPU.Build.0 = Debug|Any CPU
		{005A57D1-D3C4-414E-8739-E352EC18DFB4}.Release|Any CPU.ActiveCfg = Release|Any CPU
		{005A57D1-D3C4-414E-8739-E352EC18DFB4}.Release|Any CPU.Build.0 = Release|Any CPU
		{1E70B9B9-C2A7-42E7-B1FC-E3D8D766CB78}.Debug|Any CPU.ActiveCfg = Debug|Any CPU
		{1E70B9B9-C2A7-42E7-B1FC-E3D8D766CB78}.Debug|Any CPU.Build.0 = Debug|Any CPU
		{1E70B9B9-C2A7-42E7-B1FC-E3D8D766CB78}.Release|Any CPU.ActiveCfg = Release|Any CPU
		{1E70B9B9-C2A7-42E7-B1FC-E3D8D766CB78}.Release|Any CPU.Build.0 = Release|Any CPU
		{DF6D3804-D745-422E-82E2-3D6B47F7A2E6}.Debug|Any CPU.ActiveCfg = Debug|Any CPU
		{DF6D3804-D745-422E-82E2-3D6B47F7A2E6}.Debug|Any CPU.Build.0 = Debug|Any CPU
		{DF6D3804-D745-422E-82E2-3D6B47F7A2E6}.Release|Any CPU.ActiveCfg = Release|Any CPU
		{DF6D3804-D745-422E-82E2-3D6B47F7A2E6}.Release|Any CPU.Build.0 = Release|Any CPU
		{01967186-9619-449E-94AC-EDE93A4FA12E}.Debug|Any CPU.ActiveCfg = Debug|Any CPU
		{01967186-9619-449E-94AC-EDE93A4FA12E}.Debug|Any CPU.Build.0 = Debug|Any CPU
		{01967186-9619-449E-94AC-EDE93A4FA12E}.Release|Any CPU.ActiveCfg = Release|Any CPU
		{01967186-9619-449E-94AC-EDE93A4FA12E}.Release|Any CPU.Build.0 = Release|Any CPU
		{5EC32D5B-9C10-4CC2-B887-9C340F8886E4}.Debug|Any CPU.ActiveCfg = Debug|Any CPU
		{5EC32D5B-9C10-4CC2-B887-9C340F8886E4}.Debug|Any CPU.Build.0 = Debug|Any CPU
		{5EC32D5B-9C10-4CC2-B887-9C340F8886E4}.Release|Any CPU.ActiveCfg = Release|Any CPU
		{5EC32D5B-9C10-4CC2-B887-9C340F8886E4}.Release|Any CPU.Build.0 = Release|Any CPU
		{9EC1653F-032B-4919-93CD-74582FB8C683}.Debug|Any CPU.ActiveCfg = Debug|Any CPU
		{9EC1653F-032B-4919-93CD-74582FB8C683}.Debug|Any CPU.Build.0 = Debug|Any CPU
		{9EC1653F-032B-4919-93CD-74582FB8C683}.Release|Any CPU.ActiveCfg = Release|Any CPU
		{9EC1653F-032B-4919-93CD-74582FB8C683}.Release|Any CPU.Build.0 = Release|Any CPU
		{1B8DFC04-8565-4C20-8FBE-C384E6D233C2}.Debug|Any CPU.ActiveCfg = Debug|Any CPU
		{1B8DFC04-8565-4C20-8FBE-C384E6D233C2}.Debug|Any CPU.Build.0 = Debug|Any CPU
		{1B8DFC04-8565-4C20-8FBE-C384E6D233C2}.Release|Any CPU.ActiveCfg = Release|Any CPU
		{1B8DFC04-8565-4C20-8FBE-C384E6D233C2}.Release|Any CPU.Build.0 = Release|Any CPU
	EndGlobalSection
	GlobalSection(SolutionProperties) = preSolution
		HideSolutionNode = FALSE
	EndGlobalSection
	GlobalSection(NestedProjects) = preSolution
		{475ED41E-A176-4E61-B7F0-FA4AF849C55E} = {0A9B3CB0-6FAD-41F3-861A-D5EF4E6B4504}
		{725C0E8C-B0D9-4E24-8DB6-F5E82099728B} = {0A9B3CB0-6FAD-41F3-861A-D5EF4E6B4504}
		{E6303A11-A874-4C3D-9854-B03DDAAA2119} = {0A9B3CB0-6FAD-41F3-861A-D5EF4E6B4504}
		{F4EFDEC9-9B7A-4FC1-89B0-4BD4252D3327} = {0A9B3CB0-6FAD-41F3-861A-D5EF4E6B4504}
		{A7A41A90-D111-49DD-8211-64623BBB9FD4} = {0A9B3CB0-6FAD-41F3-861A-D5EF4E6B4504}
		{608E563D-49CE-4662-BFBA-9B540616A7BF} = {0A9B3CB0-6FAD-41F3-861A-D5EF4E6B4504}
		{17971B51-918E-482E-9F68-C060134C7D1D} = {0A9B3CB0-6FAD-41F3-861A-D5EF4E6B4504}
		{A29DEE0A-8A47-4BBE-84C9-EC78771396A7} = {0A9B3CB0-6FAD-41F3-861A-D5EF4E6B4504}
		{6A589492-BCE7-4E85-B9CE-A9A8B8C2FCA7} = {0A9B3CB0-6FAD-41F3-861A-D5EF4E6B4504}
		{441F3FB0-918F-4CA0-A48F-FAAEA540D957} = {0A9B3CB0-6FAD-41F3-861A-D5EF4E6B4504}
		{3FF130BA-BE43-44E5-9A05-C1455077D0BA} = {0A9B3CB0-6FAD-41F3-861A-D5EF4E6B4504}
		{C6C5C745-1C9D-4169-97BD-A727C7DD2694} = {0A9B3CB0-6FAD-41F3-861A-D5EF4E6B4504}
		{5C40ACD1-153F-466E-99FE-87DCB3F0575D} = {0A9B3CB0-6FAD-41F3-861A-D5EF4E6B4504}
		{005A57D1-D3C4-414E-8739-E352EC18DFB4} = {0A9B3CB0-6FAD-41F3-861A-D5EF4E6B4504}
		{1E70B9B9-C2A7-42E7-B1FC-E3D8D766CB78} = {0A9B3CB0-6FAD-41F3-861A-D5EF4E6B4504}
		{DF6D3804-D745-422E-82E2-3D6B47F7A2E6} = {0A9B3CB0-6FAD-41F3-861A-D5EF4E6B4504}
		{01967186-9619-449E-94AC-EDE93A4FA12E} = {0A9B3CB0-6FAD-41F3-861A-D5EF4E6B4504}
		{5EC32D5B-9C10-4CC2-B887-9C340F8886E4} = {0A9B3CB0-6FAD-41F3-861A-D5EF4E6B4504}
		{9EC1653F-032B-4919-93CD-74582FB8C683} = {0A9B3CB0-6FAD-41F3-861A-D5EF4E6B4504}
		{1B8DFC04-8565-4C20-8FBE-C384E6D233C2} = {0A9B3CB0-6FAD-41F3-861A-D5EF4E6B4504}
	EndGlobalSection
	GlobalSection(ExtensibilityGlobals) = postSolution
		SolutionGuid = {FC45FD1F-BD01-47D6-9CB7-0B406C07BE85}
	EndGlobalSection
EndGlobal
